
Microsoft Visual Studio Solution File, Format Version 12.00
# Visual Studio Version 17
VisualStudioVersion = 17.8.34525.116
MinimumVisualStudioVersion = 10.0.40219.1
Project("{2150E333-8FDC-42A3-9474-1A3956D46DE8}") = "src", "src", "{71421E80-3544-4898-94D9-B486AA7B9050}"
EndProject
Project("{2150E333-8FDC-42A3-9474-1A3956D46DE8}") = "docker-compose", "docker-compose", "{865F1C66-3D4F-4E2A-91C4-7EB007CC4C97}"
	ProjectSection(SolutionItems) = preProject
		..\..\NotesAPI\db\docker-compose.yml = ..\..\NotesAPI\db\docker-compose.yml
	EndProjectSection
EndProject
Project("{FAE04EC0-301F-11D3-BF4B-00C04F79EFBC}") = "NoteBook.API", "NoteBook.API\NoteBook.API.csproj", "{AB963AB2-FA9E-49C1-A251-DA4CDD094915}"
EndProject
Project("{FAE04EC0-301F-11D3-BF4B-00C04F79EFBC}") = "NoteBook.Domain", "NoteBook.Domain\NoteBook.Domain.csproj", "{A05A174C-C972-4D26-ACEB-34E0B84471F5}"
EndProject
Project("{FAE04EC0-301F-11D3-BF4B-00C04F79EFBC}") = "NoteBook.DataAccess", "NoteBook.DataAccess\NoteBook.DataAccess.csproj", "{2567146F-3AFE-4273-AEC4-337DF836FBBC}"
EndProject
Global
	GlobalSection(SolutionConfigurationPlatforms) = preSolution
		Debug|Any CPU = Debug|Any CPU
		Release|Any CPU = Release|Any CPU
	EndGlobalSection
	GlobalSection(ProjectConfigurationPlatforms) = postSolution
		{AB963AB2-FA9E-49C1-A251-DA4CDD094915}.Debug|Any CPU.ActiveCfg = Debug|Any CPU
		{AB963AB2-FA9E-49C1-A251-DA4CDD094915}.Debug|Any CPU.Build.0 = Debug|Any CPU
		{AB963AB2-FA9E-49C1-A251-DA4CDD094915}.Release|Any CPU.ActiveCfg = Release|Any CPU
		{AB963AB2-FA9E-49C1-A251-DA4CDD094915}.Release|Any CPU.Build.0 = Release|Any CPU
		{A05A174C-C972-4D26-ACEB-34E0B84471F5}.Debug|Any CPU.ActiveCfg = Debug|Any CPU
		{A05A174C-C972-4D26-ACEB-34E0B84471F5}.Debug|Any CPU.Build.0 = Debug|Any CPU
		{A05A174C-C972-4D26-ACEB-34E0B84471F5}.Release|Any CPU.ActiveCfg = Release|Any CPU
		{A05A174C-C972-4D26-ACEB-34E0B84471F5}.Release|Any CPU.Build.0 = Release|Any CPU
		{2567146F-3AFE-4273-AEC4-337DF836FBBC}.Debug|Any CPU.ActiveCfg = Debug|Any CPU
		{2567146F-3AFE-4273-AEC4-337DF836FBBC}.Debug|Any CPU.Build.0 = Debug|Any CPU
		{2567146F-3AFE-4273-AEC4-337DF836FBBC}.Release|Any CPU.ActiveCfg = Release|Any CPU
		{2567146F-3AFE-4273-AEC4-337DF836FBBC}.Release|Any CPU.Build.0 = Release|Any CPU
	EndGlobalSection
	GlobalSection(SolutionProperties) = preSolution
		HideSolutionNode = FALSE
	EndGlobalSection
	GlobalSection(NestedProjects) = preSolution
		{AB963AB2-FA9E-49C1-A251-DA4CDD094915} = {71421E80-3544-4898-94D9-B486AA7B9050}
		{A05A174C-C972-4D26-ACEB-34E0B84471F5} = {71421E80-3544-4898-94D9-B486AA7B9050}
		{2567146F-3AFE-4273-AEC4-337DF836FBBC} = {71421E80-3544-4898-94D9-B486AA7B9050}
	EndGlobalSection
	GlobalSection(ExtensibilityGlobals) = postSolution
		SolutionGuid = {5B4DEAD4-254C-42B6-A9FC-B397052657C4}
	EndGlobalSection
EndGlobal
